
Microsoft Visual Studio Solution File, Format Version 12.00
# Visual Studio Version 17
VisualStudioVersion = 17.10.34607.79
MinimumVisualStudioVersion = 10.0.40219.1
Project("{FAE04EC0-301F-11D3-BF4B-00C04F79EFBC}") = "Web_ASM_Nhom6", "Web_ASM_Nhom6\Web_ASM_Nhom6.csproj", "{2EA62273-F614-443F-838D-3145580DC453}"
EndProject
Global
	GlobalSection(SolutionConfigurationPlatforms) = preSolution
		Debug|Any CPU = Debug|Any CPU
		Release|Any CPU = Release|Any CPU
	EndGlobalSection
	GlobalSection(ProjectConfigurationPlatforms) = postSolution
		{2EA62273-F614-443F-838D-3145580DC453}.Debug|Any CPU.ActiveCfg = Debug|Any CPU
		{2EA62273-F614-443F-838D-3145580DC453}.Debug|Any CPU.Build.0 = Debug|Any CPU
		{2EA62273-F614-443F-838D-3145580DC453}.Release|Any CPU.ActiveCfg = Release|Any CPU
		{2EA62273-F614-443F-838D-3145580DC453}.Release|Any CPU.Build.0 = Release|Any CPU
	EndGlobalSection
	GlobalSection(SolutionProperties) = preSolution
		HideSolutionNode = FALSE
	EndGlobalSection
	GlobalSection(ExtensibilityGlobals) = postSolution
		SolutionGuid = {CB226D0E-0AE3-4F1B-B83D-2C77BD90CE1D}
	EndGlobalSection
EndGlobal
